
Microsoft Visual Studio Solution File, Format Version 12.00
# Visual Studio Version 16
VisualStudioVersion = 16.0.30717.126
MinimumVisualStudioVersion = 10.0.40219.1
Project("{FAE04EC0-301F-11D3-BF4B-00C04F79EFBC}") = "auto.Android", "auto.Android\auto.Android.csproj", "{914E8E45-59D4-4B8F-9952-15DF7C363A7C}"
EndProject
Project("{FAE04EC0-301F-11D3-BF4B-00C04F79EFBC}") = "auto.iOS", "auto.iOS\auto.iOS.csproj", "{C98BBF27-D281-42A1-A0DE-B4E4BBD34419}"
EndProject
Project("{FAE04EC0-301F-11D3-BF4B-00C04F79EFBC}") = "auto", "auto\auto.csproj", "{81ACC432-E0C0-475F-BF6B-A58A4CEB541C}"
EndProject
Global
	GlobalSection(SolutionConfigurationPlatforms) = preSolution
		Debug|Any CPU = Debug|Any CPU
		Debug|iPhone = Debug|iPhone
		Debug|iPhoneSimulator = Debug|iPhoneSimulator
		Release|Any CPU = Release|Any CPU
		Release|iPhone = Release|iPhone
		Release|iPhoneSimulator = Release|iPhoneSimulator
	EndGlobalSection
	GlobalSection(ProjectConfigurationPlatforms) = postSolution
		{914E8E45-59D4-4B8F-9952-15DF7C363A7C}.Debug|Any CPU.ActiveCfg = Debug|Any CPU
		{914E8E45-59D4-4B8F-9952-15DF7C363A7C}.Debug|Any CPU.Build.0 = Debug|Any CPU
		{914E8E45-59D4-4B8F-9952-15DF7C363A7C}.Debug|Any CPU.Deploy.0 = Debug|Any CPU
		{914E8E45-59D4-4B8F-9952-15DF7C363A7C}.Debug|iPhone.ActiveCfg = Debug|Any CPU
		{914E8E45-59D4-4B8F-9952-15DF7C363A7C}.Debug|iPhone.Build.0 = Debug|Any CPU
		{914E8E45-59D4-4B8F-9952-15DF7C363A7C}.Debug|iPhone.Deploy.0 = Debug|Any CPU
		{914E8E45-59D4-4B8F-9952-15DF7C363A7C}.Debug|iPhoneSimulator.ActiveCfg = Debug|Any CPU
		{914E8E45-59D4-4B8F-9952-15DF7C363A7C}.Debug|iPhoneSimulator.Build.0 = Debug|Any CPU
		{914E8E45-59D4-4B8F-9952-15DF7C363A7C}.Debug|iPhoneSimulator.Deploy.0 = Debug|Any CPU
		{914E8E45-59D4-4B8F-9952-15DF7C363A7C}.Release|Any CPU.ActiveCfg = Release|Any CPU
		{914E8E45-59D4-4B8F-9952-15DF7C363A7C}.Release|Any CPU.Build.0 = Release|Any CPU
		{914E8E45-59D4-4B8F-9952-15DF7C363A7C}.Release|Any CPU.Deploy.0 = Release|Any CPU
		{914E8E45-59D4-4B8F-9952-15DF7C363A7C}.Release|iPhone.ActiveCfg = Release|Any CPU
		{914E8E45-59D4-4B8F-9952-15DF7C363A7C}.Release|iPhone.Build.0 = Release|Any CPU
		{914E8E45-59D4-4B8F-9952-15DF7C363A7C}.Release|iPhone.Deploy.0 = Release|Any CPU
		{914E8E45-59D4-4B8F-9952-15DF7C363A7C}.Release|iPhoneSimulator.ActiveCfg = Release|Any CPU
		{914E8E45-59D4-4B8F-9952-15DF7C363A7C}.Release|iPhoneSimulator.Build.0 = Release|Any CPU
		{914E8E45-59D4-4B8F-9952-15DF7C363A7C}.Release|iPhoneSimulator.Deploy.0 = Release|Any CPU
		{C98BBF27-D281-42A1-A0DE-B4E4BBD34419}.Debug|Any CPU.ActiveCfg = Debug|iPhone
		{C98BBF27-D281-42A1-A0DE-B4E4BBD34419}.Debug|Any CPU.Build.0 = Debug|iPhone
		{C98BBF27-D281-42A1-A0DE-B4E4BBD34419}.Debug|Any CPU.Deploy.0 = Debug|iPhone
		{C98BBF27-D281-42A1-A0DE-B4E4BBD34419}.Debug|iPhone.ActiveCfg = Debug|iPhone
		{C98BBF27-D281-42A1-A0DE-B4E4BBD34419}.Debug|iPhone.Build.0 = Debug|iPhone
		{C98BBF27-D281-42A1-A0DE-B4E4BBD34419}.Debug|iPhone.Deploy.0 = Debug|iPhone
		{C98BBF27-D281-42A1-A0DE-B4E4BBD34419}.Debug|iPhoneSimulator.ActiveCfg = Debug|iPhoneSimulator
		{C98BBF27-D281-42A1-A0DE-B4E4BBD34419}.Debug|iPhoneSimulator.Build.0 = Debug|iPhoneSimulator
		{C98BBF27-D281-42A1-A0DE-B4E4BBD34419}.Debug|iPhoneSimulator.Deploy.0 = Debug|iPhoneSimulator
		{C98BBF27-D281-42A1-A0DE-B4E4BBD34419}.Release|Any CPU.ActiveCfg = Release|iPhoneSimulator
		{C98BBF27-D281-42A1-A0DE-B4E4BBD34419}.Release|Any CPU.Build.0 = Release|iPhoneSimulator
		{C98BBF27-D281-42A1-A0DE-B4E4BBD34419}.Release|Any CPU.Deploy.0 = Release|iPhoneSimulator
		{C98BBF27-D281-42A1-A0DE-B4E4BBD34419}.Release|iPhone.ActiveCfg = Release|iPhone
		{C98BBF27-D281-42A1-A0DE-B4E4BBD34419}.Release|iPhone.Build.0 = Release|iPhone
		{C98BBF27-D281-42A1-A0DE-B4E4BBD34419}.Release|iPhone.Deploy.0 = Release|iPhone
		{C98BBF27-D281-42A1-A0DE-B4E4BBD34419}.Release|iPhoneSimulator.ActiveCfg = Release|iPhoneSimulator
		{C98BBF27-D281-42A1-A0DE-B4E4BBD34419}.Release|iPhoneSimulator.Build.0 = Release|iPhoneSimulator
		{C98BBF27-D281-42A1-A0DE-B4E4BBD34419}.Release|iPhoneSimulator.Deploy.0 = Release|iPhoneSimulator
		{81ACC432-E0C0-475F-BF6B-A58A4CEB541C}.Debug|Any CPU.ActiveCfg = Debug|Any CPU
		{81ACC432-E0C0-475F-BF6B-A58A4CEB541C}.Debug|Any CPU.Build.0 = Debug|Any CPU
		{81ACC432-E0C0-475F-BF6B-A58A4CEB541C}.Debug|Any CPU.Deploy.0 = Debug|Any CPU
		{81ACC432-E0C0-475F-BF6B-A58A4CEB541C}.Debug|iPhone.ActiveCfg = Debug|Any CPU
		{81ACC432-E0C0-475F-BF6B-A58A4CEB541C}.Debug|iPhone.Build.0 = Debug|Any CPU
		{81ACC432-E0C0-475F-BF6B-A58A4CEB541C}.Debug|iPhone.Deploy.0 = Debug|Any CPU
		{81ACC432-E0C0-475F-BF6B-A58A4CEB541C}.Debug|iPhoneSimulator.ActiveCfg = Debug|Any CPU
		{81ACC432-E0C0-475F-BF6B-A58A4CEB541C}.Debug|iPhoneSimulator.Build.0 = Debug|Any CPU
		{81ACC432-E0C0-475F-BF6B-A58A4CEB541C}.Debug|iPhoneSimulator.Deploy.0 = Debug|Any CPU
		{81ACC432-E0C0-475F-BF6B-A58A4CEB541C}.Release|Any CPU.ActiveCfg = Release|Any CPU
		{81ACC432-E0C0-475F-BF6B-A58A4CEB541C}.Release|Any CPU.Build.0 = Release|Any CPU
		{81ACC432-E0C0-475F-BF6B-A58A4CEB541C}.Release|Any CPU.Deploy.0 = Release|Any CPU
		{81ACC432-E0C0-475F-BF6B-A58A4CEB541C}.Release|iPhone.ActiveCfg = Release|Any CPU
		{81ACC432-E0C0-475F-BF6B-A58A4CEB541C}.Release|iPhone.Build.0 = Release|Any CPU
		{81ACC432-E0C0-475F-BF6B-A58A4CEB541C}.Release|iPhone.Deploy.0 = Release|Any CPU
		{81ACC432-E0C0-475F-BF6B-A58A4CEB541C}.Release|iPhoneSimulator.ActiveCfg = Release|Any CPU
		{81ACC432-E0C0-475F-BF6B-A58A4CEB541C}.Release|iPhoneSimulator.Build.0 = Release|Any CPU
		{81ACC432-E0C0-475F-BF6B-A58A4CEB541C}.Release|iPhoneSimulator.Deploy.0 = Release|Any CPU
	EndGlobalSection
	GlobalSection(SolutionProperties) = preSolution
		HideSolutionNode = FALSE
	EndGlobalSection
	GlobalSection(ExtensibilityGlobals) = postSolution
		SolutionGuid = {CF746B7F-A1C1-4FE7-AB75-6358C78DDCD2}
	EndGlobalSection
EndGlobal
